<?xml version="1.0" encoding="utf-8"?>
<Project ToolsVersion="4.0" xmlns="http://schemas.microsoft.com/developer/msbuild/2003">
  <ItemGroup>
    <ClInclude Include="Main.h" />
    <ClInclude Include="stdafx.h" />
    <ClInclude Include="Slug.h" />
    <ClInclude Include="Map.h" />
    <ClInclude Include="Ground.h" />
    <ClInclude Include="Hermit.h" />
    <ClInclude Include="Bullet.h" />
  </ItemGroup>
  <ItemGroup>
    <ClCompile Include="Main.cpp" />
    <ClCompile Include="Slug.cpp" />
    <ClCompile Include="Map.cpp" />
    <ClCompile Include="Ground.cpp" />
    <ClCompile Include="Hermit.cpp" />
    <ClCompile Include="Bullet.cpp" />
  </ItemGroup>
</Project>